Microsoft Visual Studio Solution File, Format Version 8.00
Project("{8BC9CEB8-8B4A-11D0-8D11-00A0C91BC942}") = "WMICmd", "WMICmd.vcproj", "{A52818DF-EC41-4167-9648-1A12CE3CD65D}"
	ProjectSection(ProjectDependencies) = postProject
		{790BC113-52FB-4565-8968-79B8B011C520} = {790BC113-52FB-4565-8968-79B8B011C520}
		{6497EA41-2782-4A79-8840-6854E22EC4F4} = {6497EA41-2782-4A79-8840-6854E22EC4F4}
		{9B0335B6-93BE-4604-8497-27431874D758} = {9B0335B6-93BE-4604-8497-27431874D758}
	EndProjectSection
EndProject
Project("{8BC9CEB8-8B4A-11D0-8D11-00A0C91BC942}") = "Core", "..\Lib\Core\Core.vcproj", "{790BC113-52FB-4565-8968-79B8B011C520}"
	ProjectSection(ProjectDependencies) = postProject
	EndProjectSection
EndProject
Project("{8BC9CEB8-8B4A-11D0-8D11-00A0C91BC942}") = "Wcl", "..\Lib\WCL\Wcl.vcproj", "{9B0335B6-93BE-4604-8497-27431874D758}"
	ProjectSection(ProjectDependencies) = postProject
	EndProjectSection
EndProject
Project("{8BC9CEB8-8B4A-11D0-8D11-00A0C91BC942}") = "WMI", "..\Lib\WMI\WMI.vcproj", "{6497EA41-2782-4A79-8840-6854E22EC4F4}"
	ProjectSection(ProjectDependencies) = postProject
	EndProjectSection
EndProject
Project("{8BC9CEB8-8B4A-11D0-8D11-00A0C91BC942}") = "Test", "Test\Test.vcproj", "{DA731FA1-2E1A-49F2-A4D6-EFA3822DD08D}"
	ProjectSection(ProjectDependencies) = postProject
		{790BC113-52FB-4565-8968-79B8B011C520} = {790BC113-52FB-4565-8968-79B8B011C520}
		{6497EA41-2782-4A79-8840-6854E22EC4F4} = {6497EA41-2782-4A79-8840-6854E22EC4F4}
		{9B0335B6-93BE-4604-8497-27431874D758} = {9B0335B6-93BE-4604-8497-27431874D758}
	EndProjectSection
EndProject
Global
	GlobalSection(DPCodeReviewSolutionGUID) = preSolution
		DPCodeReviewSolutionGUID = {00000000-0000-0000-0000-000000000000}
	EndGlobalSection
	GlobalSection(SourceCodeControl) = preSolution
		SccNumberOfProjects = 6
		SccLocalPath0 = .
		CanCheckoutShared = true
		SolutionUniqueID = {239D1BB7-C3A1-40EE-B0A6-92A317244B15}
		SccProjectUniqueName1 = WMICmd.vcproj
		SccLocalPath1 = .
		CanCheckoutShared = true
		SccProjectUniqueName2 = ..\\Lib\\Core\\Core.vcproj
		SccProjectName2 = \u0022$/Win32/Lib/Core\u0022,\u0020QWDAAAAA
		SccLocalPath2 = ..\\Lib\\Core
		CanCheckoutShared = true
		SccProjectUniqueName3 = ..\\Lib\\WCL\\Wcl.vcproj
		SccProjectName3 = \u0022$/Win32/Lib/WCL\u0022,\u0020HPAAAAAA
		SccLocalPath3 = ..\\Lib\\WCL
		CanCheckoutShared = true
		SccProjectUniqueName4 = ..\\Lib\\WMI\\WMI.vcproj
		SccProjectName4 = \u0022$/Win32/Lib/WMI\u0022,\u0020HBFAAAAA
		SccLocalPath4 = ..\\Lib\\WMI
		CanCheckoutShared = true
		SccProjectUniqueName5 = Test\\Test.vcproj
		SccLocalPath5 = .
		CanCheckoutShared = true
		SccProjectFilePathRelativizedFromConnection5 = Test\\
	EndGlobalSection
	GlobalSection(SolutionConfiguration) = preSolution
		Debug = Debug
		Release = Release
	EndGlobalSection
	GlobalSection(ProjectDependencies) = postSolution
	EndGlobalSection
	GlobalSection(ProjectConfiguration) = postSolution
		{A52818DF-EC41-4167-9648-1A12CE3CD65D}.Debug.ActiveCfg = Debug|Win32
		{A52818DF-EC41-4167-9648-1A12CE3CD65D}.Debug.Build.0 = Debug|Win32
		{A52818DF-EC41-4167-9648-1A12CE3CD65D}.Release.ActiveCfg = Release|Win32
		{A52818DF-EC41-4167-9648-1A12CE3CD65D}.Release.Build.0 = Release|Win32
		{790BC113-52FB-4565-8968-79B8B011C520}.Debug.ActiveCfg = Debug|Win32
		{790BC113-52FB-4565-8968-79B8B011C520}.Debug.Build.0 = Debug|Win32
		{790BC113-52FB-4565-8968-79B8B011C520}.Release.ActiveCfg = Release|Win32
		{790BC113-52FB-4565-8968-79B8B011C520}.Release.Build.0 = Release|Win32
		{9B0335B6-93BE-4604-8497-27431874D758}.Debug.ActiveCfg = Debug|Win32
		{9B0335B6-93BE-4604-8497-27431874D758}.Debug.Build.0 = Debug|Win32
		{9B0335B6-93BE-4604-8497-27431874D758}.Release.ActiveCfg = Release|Win32
		{9B0335B6-93BE-4604-8497-27431874D758}.Release.Build.0 = Release|Win32
		{6497EA41-2782-4A79-8840-6854E22EC4F4}.Debug.ActiveCfg = Debug|Win32
		{6497EA41-2782-4A79-8840-6854E22EC4F4}.Debug.Build.0 = Debug|Win32
		{6497EA41-2782-4A79-8840-6854E22EC4F4}.Release.ActiveCfg = Release|Win32
		{6497EA41-2782-4A79-8840-6854E22EC4F4}.Release.Build.0 = Release|Win32
		{DA731FA1-2E1A-49F2-A4D6-EFA3822DD08D}.Debug.ActiveCfg = Debug|Win32
		{DA731FA1-2E1A-49F2-A4D6-EFA3822DD08D}.Debug.Build.0 = Debug|Win32
		{DA731FA1-2E1A-49F2-A4D6-EFA3822DD08D}.Release.ActiveCfg = Release|Win32
		{DA731FA1-2E1A-49F2-A4D6-EFA3822DD08D}.Release.Build.0 = Release|Win32
	EndGlobalSection
	GlobalSection(ExtensibilityGlobals) = postSolution
	EndGlobalSection
	GlobalSection(ExtensibilityAddIns) = postSolution
	EndGlobalSection
EndGlobal
